PODS:
  - dargon2_flutter (0.0.1):
    - Flutter
  - Flutter (1.0.0)

DEPENDENCIES:
  - dargon2_flutter (from `.symlinks/plugins/dargon2_flutter/ios`)
  - Flutter (from `Flutter`)

EXTERNAL SOURCES:
  dargon2_flutter:
    :path: ".symlinks/plugins/dargon2_flutter/ios"
  Flutter:
    :path: Flutter

SPEC CHECKSUMS:
  dargon2_flutter: 6bb53253a9bcdd9977465b06c98137b503d9fd82
  Flutter: 0e3d915762c693b495b44d77113d4970485de6ec

PODFILE CHECKSUM: 8e679eca47255a8ca8067c4c67aab20e64cb974d

COCOAPODS: 1.9.1
